{
    "_readme": [
        "This file locks the dependencies of your project to a known state",
        "Read more about it at https://getcomposer.org/doc/01-basic-usage.md#composer-lock-the-lock-file",
        "This file is @generated automatically"
    ],
    "hash": "f9b59a309cce8322cb889aa9599d86b6",
    "content-hash": "5ef4baf2dacf8ed28c788fd69d93f7a2",
    "packages": [],
    "packages-dev": [
        {
            "name": "eaglewu/swoole-ide-helper",
            "version": "dev-master",
            "source": {
                "type": "git",
                "url": "https://github.com/eaglewu/swoole-ide-helper.git",
                "reference": "79f1a0b466d62f05ce5a4a4d6cbac5c82d23c520"
            },
            "dist": {
                "type": "zip",
                "url": "https://files.phpcomposer.com/files/eaglewu/swoole-ide-helper/79f1a0b466d62f05ce5a4a4d6cbac5c82d23c520.zip",
                "reference": "79f1a0b466d62f05ce5a4a4d6cbac5c82d23c520",
                "shasum": ""
            },
            "type": "library",
            "autoload": {
                "psr-4": {
                    "Swoole\\": "src/"
                }
            },
            "notification-url": "https://packagist.org/downloads/",
            "authors": [
                {
                    "name": "eagle",
                    "email": "eaglewudi@gmail.com"
                }
            ],
            "description": "Swoole 在IDE下自动识别类、函数、宏，自动补全函数名",
            "time": "2017-10-23 15:55:32"
        }
    ],
    "aliases": [],
    "minimum-stability": "stable",
    "stability-flags": {
        "eaglewu/swoole-ide-helper": 20
    },
    "prefer-stable": false,
    "prefer-lowest": false,
    "platform": [],
    "platform-dev": []
}
